
Microsoft Visual Studio Solution File, Format Version 12.00
# Visual Studio Version 17
VisualStudioVersion = 17.7.34031.279
MinimumVisualStudioVersion = 10.0.40219.1
Project("{9A19103F-16F7-4668-BE54-9A1E7A4F7556}") = "Study", "Study.csproj", "{BB4BC3C7-3C2C-402D-946C-84D2BCF5F30C}"
EndProject
Global
	GlobalSection(SolutionConfigurationPlatforms) = preSolution
		Debug|Any CPU = Debug|Any CPU
		Release|Any CPU = Release|Any CPU
	EndGlobalSection
	GlobalSection(ProjectConfigurationPlatforms) = postSolution
		{BB4BC3C7-3C2C-402D-946C-84D2BCF5F30C}.Debug|Any CPU.ActiveCfg = Debug|Any CPU
		{BB4BC3C7-3C2C-402D-946C-84D2BCF5F30C}.Debug|Any CPU.Build.0 = Debug|Any CPU
		{BB4BC3C7-3C2C-402D-946C-84D2BCF5F30C}.Release|Any CPU.ActiveCfg = Release|Any CPU
		{BB4BC3C7-3C2C-402D-946C-84D2BCF5F30C}.Release|Any CPU.Build.0 = Release|Any CPU
	EndGlobalSection
	GlobalSection(SolutionProperties) = preSolution
		HideSolutionNode = FALSE
	EndGlobalSection
	GlobalSection(ExtensibilityGlobals) = postSolution
		SolutionGuid = {E4CCD955-C9D6-47D9-8B07-4626B116EB10}
	EndGlobalSection
EndGlobal
